// !$*UTF8*$!
{
	archiveVersion = 1;
	classes = {
	};
	objectVersion = 77;
	objects = {

/* Begin PBXBuildFile section */
		E7EC41562E003B6F008C76D7 /* WidgetKit.framework in Frameworks */ = {isa = PBXBuildFile; fileRef = E7EC41332E003AA3008C76D7 /* WidgetKit.framework */; };
		E7EC41572E003B6F008C76D7 /* SwiftUI.framework in Frameworks */ = {isa = PBXBuildFile; fileRef = E7EC41352E003AA3008C76D7 /* SwiftUI.framework */; };
		E7EC41682E003B72008C76D7 /* ClockWeatherWidgetExtension.appex in Embed Foundation Extensions */ = {isa = PBXBuildFile; fileRef = E7EC41552E003B6F008C76D7 /* ClockWeatherWidgetExtension.appex */; settings = {ATTRIBUTES = (RemoveHeadersOnCopy, ); }; };
/* End PBXBuildFile section */

/* Begin PBXContainerItemProxy section */
		E7EC41112E003A16008C76D7 /* PBXContainerItemProxy */ = {
			isa = PBXContainerItemProxy;
			containerPortal = E7EC40FB2E003A0F008C76D7 /* Project object */;
			proxyType = 1;
			remoteGlobalIDString = E7EC41022E003A0F008C76D7;
			remoteInfo = ClockWeatherApp;
		};
		E7EC411B2E003A16008C76D7 /* PBXContainerItemProxy */ = {
			isa = PBXContainerItemProxy;
			containerPortal = E7EC40FB2E003A0F008C76D7 /* Project object */;
			proxyType = 1;
			remoteGlobalIDString = E7EC41022E003A0F008C76D7;
			remoteInfo = ClockWeatherApp;
		};
		E7EC41662E003B72008C76D7 /* PBXContainerItemProxy */ = {
			isa = PBXContainerItemProxy;
			containerPortal = E7EC40FB2E003A0F008C76D7 /* Project object */;
			proxyType = 1;
			remoteGlobalIDString = E7EC41542E003B6F008C76D7;
			remoteInfo = ClockWeatherWidgetExtension;
		};
/* End PBXContainerItemProxy section */

/* Begin PBXCopyFilesBuildPhase section */
		E7EC414C2E003AAA008C76D7 /* Embed Foundation Extensions */ = {
			isa = PBXCopyFilesBuildPhase;
			buildActionMask = 2147483647;
			dstPath = "";
			dstSubfolderSpec = 13;
			files = (
				E7EC41682E003B72008C76D7 /* ClockWeatherWidgetExtension.appex in Embed Foundation Extensions */,
			);
			name = "Embed Foundation Extensions";
			runOnlyForDeploymentPostprocessing = 0;
		};
/* End PBXCopyFilesBuildPhase section */

/* Begin PBXFileReference section */
		E7EC41032E003A0F008C76D7 /* ClockWeatherApp.app */ = {isa = PBXFileReference; explicitFileType = wrapper.application; includeInIndex = 0; path = ClockWeatherApp.app; sourceTree = BUILT_PRODUCTS_DIR; };
		E7EC41102E003A16008C76D7 /* ClockWeatherAppTests.xctest */ = {isa = PBXFileReference; explicitFileType = wrapper.cfbundle; includeInIndex = 0; path = ClockWeatherAppTests.xctest; sourceTree = BUILT_PRODUCTS_DIR; };
		E7EC411A2E003A16008C76D7 /* ClockWeatherAppUITests.xctest */ = {isa = PBXFileReference; explicitFileType = wrapper.cfbundle; includeInIndex = 0; path = ClockWeatherAppUITests.xctest; sourceTree = BUILT_PRODUCTS_DIR; };
		E7EC41332E003AA3008C76D7 /* WidgetKit.framework */ = {isa = PBXFileReference; lastKnownFileType = wrapper.framework; name = WidgetKit.framework; path = System/Library/Frameworks/WidgetKit.framework; sourceTree = SDKROOT; };
		E7EC41352E003AA3008C76D7 /* SwiftUI.framework */ = {isa = PBXFileReference; lastKnownFileType = wrapper.framework; name = SwiftUI.framework; path = System/Library/Frameworks/SwiftUI.framework; sourceTree = SDKROOT; };
		E7EC41552E003B6F008C76D7 /* ClockWeatherWidgetExtension.appex */ = {isa = PBXFileReference; explicitFileType = "wrapper.app-extension"; includeInIndex = 0; path = ClockWeatherWidgetExtension.appex; sourceTree = BUILT_PRODUCTS_DIR; };
/* End PBXFileReference section */

/* Begin PBXFileSystemSynchronizedBuildFileExceptionSet section */
		E7EC41692E003B72008C76D7 /* Exceptions for "ClockWeatherWidget" folder in "ClockWeatherWidgetExtension" target */ = {
			isa = PBXFileSystemSynchronizedBuildFileExceptionSet;
			membershipExceptions = (
				Info.plist,
			);
			target = E7EC41542E003B6F008C76D7 /* ClockWeatherWidgetExtension */;
		};
/* End PBXFileSystemSynchronizedBuildFileExceptionSet section */

/* Begin PBXFileSystemSynchronizedRootGroup section */
		E7EC41052E003A0F008C76D7 /* ClockWeatherApp */ = {
			isa = PBXFileSystemSynchronizedRootGroup;
			path = ClockWeatherApp;
			sourceTree = "<group>";
		};
		E7EC41132E003A16008C76D7 /* ClockWeatherAppTests */ = {
			isa = PBXFileSystemSynchronizedRootGroup;
			path = ClockWeatherAppTests;
			sourceTree = "<group>";
		};
		E7EC411D2E003A16008C76D7 /* ClockWeatherAppUITests */ = {
			isa = PBXFileSystemSynchronizedRootGroup;
			path = ClockWeatherAppUITests;
			sourceTree = "<group>";
		};
		E7EC41582E003B6F008C76D7 /* ClockWeatherWidget */ = {
			isa = PBXFileSystemSynchronizedRootGroup;
			exceptions = (
				E7EC41692E003B72008C76D7 /* Exceptions for "ClockWeatherWidget" folder in "ClockWeatherWidgetExtension" target */,
			);
			path = ClockWeatherWidget;
			sourceTree = "<group>";
		};
/* End PBXFileSystemSynchronizedRootGroup section */

/* Begin PBXFrameworksBuildPhase section */
		E7EC41002E003A0F008C76D7 /* Frameworks */ = {
			isa = PBXFrameworksBuildPhase;
			buildActionMask = 2147483647;
			files = (
			);
			runOnlyForDeploymentPostprocessing = 0;
		};
		E7EC410D2E003A16008C76D7 /* Frameworks */ = {
			isa = PBXFrameworksBuildPhase;
			buildActionMask = 2147483647;
			files = (
			);
			runOnlyForDeploymentPostprocessing = 0;
		};
		E7EC41172E003A16008C76D7 /* Frameworks */ = {
			isa = PBXFrameworksBuildPhase;
			buildActionMask = 2147483647;
			files = (
			);
			runOnlyForDeploymentPostprocessing = 0;
		};
		E7EC41522E003B6F008C76D7 /* Frameworks */ = {
			isa = PBXFrameworksBuildPhase;
			buildActionMask = 2147483647;
			files = (
				E7EC41572E003B6F008C76D7 /* SwiftUI.framework in Frameworks */,
				E7EC41562E003B6F008C76D7 /* WidgetKit.framework in Frameworks */,
			);
			runOnlyForDeploymentPostprocessing = 0;
		};
/* End PBXFrameworksBuildPhase section */

/* Begin PBXGroup section */
		E7EC40FA2E003A0F008C76D7 = {
			isa = PBXGroup;
			children = (
				E7EC41052E003A0F008C76D7 /* ClockWeatherApp */,
				E7EC41132E003A16008C76D7 /* ClockWeatherAppTests */,
				E7EC411D2E003A16008C76D7 /* ClockWeatherAppUITests */,
				E7EC41582E003B6F008C76D7 /* ClockWeatherWidget */,
				E7EC41322E003AA3008C76D7 /* Frameworks */,
				E7EC41042E003A0F008C76D7 /* Products */,
			);
			sourceTree = "<group>";
		};
		E7EC41042E003A0F008C76D7 /* Products */ = {
			isa = PBXGroup;
			children = (
				E7EC41032E003A0F008C76D7 /* ClockWeatherApp.app */,
				E7EC41102E003A16008C76D7 /* ClockWeatherAppTests.xctest */,
				E7EC411A2E003A16008C76D7 /* ClockWeatherAppUITests.xctest */,
				E7EC41552E003B6F008C76D7 /* ClockWeatherWidgetExtension.appex */,
			);
			name = Products;
			sourceTree = "<group>";
		};
		E7EC41322E003AA3008C76D7 /* Frameworks */ = {
			isa = PBXGroup;
			children = (
				E7EC41332E003AA3008C76D7 /* WidgetKit.framework */,
				E7EC41352E003AA3008C76D7 /* SwiftUI.framework */,
			);
			name = Frameworks;
			sourceTree = "<group>";
		};
/* End PBXGroup section */

/* Begin PBXNativeTarget section */
		E7EC41022E003A0F008C76D7 /* ClockWeatherApp */ = {
			isa = PBXNativeTarget;
			buildConfigurationList = E7EC41242E003A16008C76D7 /* Build configuration list for PBXNativeTarget "ClockWeatherApp" */;
			buildPhases = (
				E7EC40FF2E003A0F008C76D7 /* Sources */,
				E7EC41002E003A0F008C76D7 /* Frameworks */,
				E7EC41012E003A0F008C76D7 /* Resources */,
				E7EC414C2E003AAA008C76D7 /* Embed Foundation Extensions */,
			);
			buildRules = (
			);
			dependencies = (
				E7EC41672E003B72008C76D7 /* PBXTargetDependency */,
			);
			fileSystemSynchronizedGroups = (
				E7EC41052E003A0F008C76D7 /* ClockWeatherApp */,
			);
			name = ClockWeatherApp;
			packageProductDependencies = (
			);
			productName = ClockWeatherApp;
			productReference = E7EC41032E003A0F008C76D7 /* ClockWeatherApp.app */;
			productType = "com.apple.product-type.application";
		};
		E7EC410F2E003A16008C76D7 /* ClockWeatherAppTests */ = {
			isa = PBXNativeTarget;
			buildConfigurationList = E7EC41272E003A16008C76D7 /* Build configuration list for PBXNativeTarget "ClockWeatherAppTests" */;
			buildPhases = (
				E7EC410C2E003A16008C76D7 /* Sources */,
				E7EC410D2E003A16008C76D7 /* Frameworks */,
				E7EC410E2E003A16008C76D7 /* Resources */,
			);
			buildRules = (
			);
			dependencies = (
				E7EC41122E003A16008C76D7 /* PBXTargetDependency */,
			);
			fileSystemSynchronizedGroups = (
				E7EC41132E003A16008C76D7 /* ClockWeatherAppTests */,
			);
			name = ClockWeatherAppTests;
			packageProductDependencies = (
			);
			productName = ClockWeatherAppTests;
			productReference = E7EC41102E003A16008C76D7 /* ClockWeatherAppTests.xctest */;
			productType = "com.apple.product-type.bundle.unit-test";
		};
		E7EC41192E003A16008C76D7 /* ClockWeatherAppUITests */ = {
			isa = PBXNativeTarget;
			buildConfigurationList = E7EC412A2E003A16008C76D7 /* Build configuration list for PBXNativeTarget "ClockWeatherAppUITests" */;
			buildPhases = (
				E7EC41162E003A16008C76D7 /* Sources */,
				E7EC41172E003A16008C76D7 /* Frameworks */,
				E7EC41182E003A16008C76D7 /* Resources */,
			);
			buildRules = (
			);
			dependencies = (
				E7EC411C2E003A16008C76D7 /* PBXTargetDependency */,
			);
			fileSystemSynchronizedGroups = (
				E7EC411D2E003A16008C76D7 /* ClockWeatherAppUITests */,
			);
			name = ClockWeatherAppUITests;
			packageProductDependencies = (
			);
			productName = ClockWeatherAppUITests;
			productReference = E7EC411A2E003A16008C76D7 /* ClockWeatherAppUITests.xctest */;
			productType = "com.apple.product-type.bundle.ui-testing";
		};
		E7EC41542E003B6F008C76D7 /* ClockWeatherWidgetExtension */ = {
			isa = PBXNativeTarget;
			buildConfigurationList = E7EC416A2E003B72008C76D7 /* Build configuration list for PBXNativeTarget "ClockWeatherWidgetExtension" */;
			buildPhases = (
				E7EC41512E003B6F008C76D7 /* Sources */,
				E7EC41522E003B6F008C76D7 /* Frameworks */,
				E7EC41532E003B6F008C76D7 /* Resources */,
			);
			buildRules = (
			);
			dependencies = (
			);
			fileSystemSynchronizedGroups = (
				E7EC41582E003B6F008C76D7 /* ClockWeatherWidget */,
			);
			name = ClockWeatherWidgetExtension;
			packageProductDependencies = (
			);
			productName = ClockWeatherWidgetExtension;
			productReference = E7EC41552E003B6F008C76D7 /* ClockWeatherWidgetExtension.appex */;
			productType = "com.apple.product-type.app-extension";
		};
/* End PBXNativeTarget section */

/* Begin PBXProject section */
		E7EC40FB2E003A0F008C76D7 /* Project object */ = {
			isa = PBXProject;
			attributes = {
				BuildIndependentTargetsInParallel = 1;
				LastSwiftUpdateCheck = 1640;
				LastUpgradeCheck = 1640;
				TargetAttributes = {
					E7EC41022E003A0F008C76D7 = {
						CreatedOnToolsVersion = 16.4;
					};
					E7EC410F2E003A16008C76D7 = {
						CreatedOnToolsVersion = 16.4;
						TestTargetID = E7EC41022E003A0F008C76D7;
					};
					E7EC41192E003A16008C76D7 = {
						CreatedOnToolsVersion = 16.4;
						TestTargetID = E7EC41022E003A0F008C76D7;
					};
					E7EC41542E003B6F008C76D7 = {
						CreatedOnToolsVersion = 16.4;
					};
				};
			};
			buildConfigurationList = E7EC40FE2E003A0F008C76D7 /* Build configuration list for PBXProject "ClockWeatherApp" */;
			developmentRegion = en;
			hasScannedForEncodings = 0;
			knownRegions = (
				en,
				Base,
			);
			mainGroup = E7EC40FA2E003A0F008C76D7;
			minimizedProjectReferenceProxies = 1;
			packageReferences = (
				E7E107FD2E0063DB004C09E3 /* XCRemoteSwiftPackageReference "sdk" */,
			);
			preferredProjectObjectVersion = 77;
			productRefGroup = E7EC41042E003A0F008C76D7 /* Products */;
			projectDirPath = "";
			projectRoot = "";
			targets = (
				E7EC41022E003A0F008C76D7 /* ClockWeatherApp */,
				E7EC410F2E003A16008C76D7 /* ClockWeatherAppTests */,
				E7EC41192E003A16008C76D7 /* ClockWeatherAppUITests */,
				E7EC41542E003B6F008C76D7 /* ClockWeatherWidgetExtension */,
			);
		};
/* End PBXProject section */

/* Begin PBXResourcesBuildPhase section */
		E7EC41012E003A0F008C76D7 /* Resources */ = {
			isa = PBXResourcesBuildPhase;
			buildActionMask = 2147483647;
			files = (
			);
			runOnlyForDeploymentPostprocessing = 0;
		};
		E7EC410E2E003A16008C76D7 /* Resources */ = {
			isa = PBXResourcesBuildPhase;
			buildActionMask = 2147483647;
			files = (
			);
			runOnlyForDeploymentPostprocessing = 0;
		};
		E7EC41182E003A16008C76D7 /* Resources */ = {
			isa = PBXResourcesBuildPhase;
			buildActionMask = 2147483647;
			files = (
			);
			runOnlyForDeploymentPostprocessing = 0;
		};
		E7EC41532E003B6F008C76D7 /* Resources */ = {
			isa = PBXResourcesBuildPhase;
			buildActionMask = 2147483647;
			files = (
			);
			runOnlyForDeploymentPostprocessing = 0;
		};
/* End PBXResourcesBuildPhase section */

/* Begin PBXSourcesBuildPhase section */
		E7EC40FF2E003A0F008C76D7 /* Sources */ = {
			isa = PBXSourcesBuildPhase;
			buildActionMask = 2147483647;
			files = (
			);
			runOnlyForDeploymentPostprocessing = 0;
		};
		E7EC410C2E003A16008C76D7 /* Sources */ = {
			isa = PBXSourcesBuildPhase;
			buildActionMask = 2147483647;
			files = (
			);
			runOnlyForDeploymentPostprocessing = 0;
		};
		E7EC41162E003A16008C76D7 /* Sources */ = {
			isa = PBXSourcesBuildPhase;
			buildActionMask = 2147483647;
			files = (
			);
			runOnlyForDeploymentPostprocessing = 0;
		};
		E7EC41512E003B6F008C76D7 /* Sources */ = {
			isa = PBXSourcesBuildPhase;
			buildActionMask = 2147483647;
			files = (
			);
			runOnlyForDeploymentPostprocessing = 0;
		};
/* End PBXSourcesBuildPhase section */

/* Begin PBXTargetDependency section */
		E7EC41122E003A16008C76D7 /* PBXTargetDependency */ = {
			isa = PBXTargetDependency;
			target = E7EC41022E003A0F008C76D7 /* ClockWeatherApp */;
			targetProxy = E7EC41112E003A16008C76D7 /* PBXContainerItemProxy */;
		};
		E7EC411C2E003A16008C76D7 /* PBXTargetDependency */ = {
			isa = PBXTargetDependency;
			target = E7EC41022E003A0F008C76D7 /* ClockWeatherApp */;
			targetProxy = E7EC411B2E003A16008C76D7 /* PBXContainerItemProxy */;
		};
		E7EC41672E003B72008C76D7 /* PBXTargetDependency */ = {
			isa = PBXTargetDependency;
			target = E7EC41542E003B6F008C76D7 /* ClockWeatherWidgetExtension */;
			targetProxy = E7EC41662E003B72008C76D7 /* PBXContainerItemProxy */;
		};
/* End PBXTargetDependency section */

/* Begin XCBuildConfiguration section */
		E7EC41222E003A16008C76D7 /* Debug */ = {
			isa = XCBuildConfiguration;
			buildSettings = {
				ALWAYS_SEARCH_USER_PATHS = NO;
				ASSETCATALOG_COMPILER_GENERATE_SWIFT_ASSET_SYMBOL_EXTENSIONS = YES;
				CLANG_ANALYZER_NONNULL = YES;
				CLANG_ANALYZER_NUMBER_OBJECT_CONVERSION = YES_AGGRESSIVE;
				CLANG_CXX_LANGUAGE_STANDARD = "gnu++20";
				CLANG_ENABLE_MODULES = YES;
				CLANG_ENABLE_OBJC_ARC = YES;
				CLANG_ENABLE_OBJC_WEAK = YES;
				CLANG_WARN_BLOCK_CAPTURE_AUTORELEASING = YES;
				CLANG_WARN_BOOL_CONVERSION = YES;
				CLANG_WARN_COMMA = YES;
				CLANG_WARN_CONSTANT_CONVERSION = YES;
				CLANG_WARN_DEPRECATED_OBJC_IMPLEMENTATIONS = YES;
				CLANG_WARN_DIRECT_OBJC_ISA_USAGE = YES_ERROR;
				CLANG_WARN_DOCUMENTATION_COMMENTS = YES;
				CLANG_WARN_EMPTY_BODY = YES;
				CLANG_WARN_ENUM_CONVERSION = YES;
				CLANG_WARN_INFINITE_RECURSION = YES;
				CLANG_WARN_INT_CONVERSION = YES;
				CLANG_WARN_NON_LITERAL_NULL_CONVERSION = YES;
				CLANG_WARN_OBJC_IMPLICIT_RETAIN_SELF = YES;
				CLANG_WARN_OBJC_LITERAL_CONVERSION = YES;
				CLANG_WARN_OBJC_ROOT_CLASS = YES_ERROR;
				CLANG_WARN_QUOTED_INCLUDE_IN_FRAMEWORK_HEADER = YES;
				CLANG_WARN_RANGE_LOOP_ANALYSIS = YES;
				CLANG_WARN_STRICT_PROTOTYPES = YES;
				CLANG_WARN_SUSPICIOUS_MOVE = YES;
				CLANG_WARN_UNGUARDED_AVAILABILITY = YES_AGGRESSIVE;
				CLANG_WARN_UNREACHABLE_CODE = YES;
				CLANG_WARN__DUPLICATE_METHOD_MATCH = YES;
				COPY_PHASE_STRIP = NO;
				DEBUG_INFORMATION_FORMAT = dwarf;
				DEVELOPMENT_TEAM = B42P6USZ6A;
				ENABLE_STRICT_OBJC_MSGSEND = YES;
				ENABLE_TESTABILITY = YES;
				ENABLE_USER_SCRIPT_SANDBOXING = YES;
				GCC_C_LANGUAGE_STANDARD = gnu17;
				GCC_DYNAMIC_NO_PIC = NO;
				GCC_NO_COMMON_BLOCKS = YES;
				GCC_OPTIMIZATION_LEVEL = 0;
				GCC_PREPROCESSOR_DEFINITIONS = (
					"DEBUG=1",
					"$(inherited)",
				);
				GCC_WARN_64_TO_32_BIT_CONVERSION = YES;
				GCC_WARN_ABOUT_RETURN_TYPE = YES_ERROR;
				GCC_WARN_UNDECLARED_SELECTOR = YES;
				GCC_WARN_UNINITIALIZED_AUTOS = YES_AGGRESSIVE;
				GCC_WARN_UNUSED_FUNCTION = YES;
				GCC_WARN_UNUSED_VARIABLE = YES;
				IPHONEOS_DEPLOYMENT_TARGET = 18.5;
				LOCALIZATION_PREFERS_STRING_CATALOGS = YES;
				MTL_ENABLE_DEBUG_INFO = INCLUDE_SOURCE;
				MTL_FAST_MATH = YES;
				ONLY_ACTIVE_ARCH = YES;
				SDKROOT = iphoneos;
				SWIFT_ACTIVE_COMPILATION_CONDITIONS = "DEBUG $(inherited)";
				SWIFT_OPTIMIZATION_LEVEL = "-Onone";
			};
			name = Debug;
		};
		E7EC41232E003A16008C76D7 /* Release */ = {
			isa = XCBuildConfiguration;
			buildSettings = {
				ALWAYS_SEARCH_USER_PATHS = NO;
				ASSETCATALOG_COMPILER_GENERATE_SWIFT_ASSET_SYMBOL_EXTENSIONS = YES;
				CLANG_ANALYZER_NONNULL = YES;
				CLANG_ANALYZER_NUMBER_OBJECT_CONVERSION = YES_AGGRESSIVE;
				CLANG_CXX_LANGUAGE_STANDARD = "gnu++20";
				CLANG_ENABLE_MODULES = YES;
				CLANG_ENABLE_OBJC_ARC = YES;
				CLANG_ENABLE_OBJC_WEAK = YES;
				CLANG_WARN_BLOCK_CAPTURE_AUTORELEASING = YES;
				CLANG_WARN_BOOL_CONVERSION = YES;
				CLANG_WARN_COMMA = YES;
				CLANG_WARN_CONSTANT_CONVERSION = YES;
				CLANG_WARN_DEPRECATED_OBJC_IMPLEMENTATIONS = YES;
				CLANG_WARN_DIRECT_OBJC_ISA_USAGE = YES_ERROR;
				CLANG_WARN_DOCUMENTATION_COMMENTS = YES;
				CLANG_WARN_EMPTY_BODY = YES;
				CLANG_WARN_ENUM_CONVERSION = YES;
				CLANG_WARN_INFINITE_RECURSION = YES;
				CLANG_WARN_INT_CONVERSION = YES;
				CLANG_WARN_NON_LITERAL_NULL_CONVERSION = YES;
				CLANG_WARN_OBJC_IMPLICIT_RETAIN_SELF = YES;
				CLANG_WARN_OBJC_LITERAL_CONVERSION = YES;
				CLANG_WARN_OBJC_ROOT_CLASS = YES_ERROR;
				CLANG_WARN_QUOTED_INCLUDE_IN_FRAMEWORK_HEADER = YES;
				CLANG_WARN_RANGE_LOOP_ANALYSIS = YES;
				CLANG_WARN_STRICT_PROTOTYPES = YES;
				CLANG_WARN_SUSPICIOUS_MOVE = YES;
				CLANG_WARN_UNGUARDED_AVAILABILITY = YES_AGGRESSIVE;
				CLANG_WARN_UNREACHABLE_CODE = YES;
				CLANG_WARN__DUPLICATE_METHOD_MATCH = YES;
				COPY_PHASE_STRIP = NO;
				DEBUG_INFORMATION_FORMAT = "dwarf-with-dsym";
				DEVELOPMENT_TEAM = B42P6USZ6A;
				ENABLE_NS_ASSERTIONS = NO;
				ENABLE_STRICT_OBJC_MSGSEND = YES;
				ENABLE_USER_SCRIPT_SANDBOXING = YES;
				GCC_C_LANGUAGE_STANDARD = gnu17;
				GCC_NO_COMMON_BLOCKS = YES;
				GCC_WARN_64_TO_32_BIT_CONVERSION = YES;
				GCC_WARN_ABOUT_RETURN_TYPE = YES_ERROR;
				GCC_WARN_UNDECLARED_SELECTOR = YES;
				GCC_WARN_UNINITIALIZED_AUTOS = YES_AGGRESSIVE;
				GCC_WARN_UNUSED_FUNCTION = YES;
				GCC_WARN_UNUSED_VARIABLE = YES;
				IPHONEOS_DEPLOYMENT_TARGET = 18.5;
				LOCALIZATION_PREFERS_STRING_CATALOGS = YES;
				MTL_ENABLE_DEBUG_INFO = NO;
				MTL_FAST_MATH = YES;
				SDKROOT = iphoneos;
				SWIFT_COMPILATION_MODE = wholemodule;
				VALIDATE_PRODUCT = YES;
			};
			name = Release;
		};
		E7EC41252E003A16008C76D7 /* Debug */ = {
			isa = XCBuildConfiguration;
			buildSettings = {
				ASSETCATALOG_COMPILER_APPICON_NAME = AppIcon;
				ASSETCATALOG_COMPILER_GLOBAL_ACCENT_COLOR_NAME = AccentColor;
				CODE_SIGN_STYLE = Automatic;
				CURRENT_PROJECT_VERSION = 1;
				DEVELOPMENT_TEAM = B42P6USZ6A;
				ENABLE_PREVIEWS = YES;
				GENERATE_INFOPLIST_FILE = YES;
				INFOPLIST_KEY_UIApplicationSceneManifest_Generation = YES;
				INFOPLIST_KEY_UIApplicationSupportsIndirectInputEvents = YES;
				INFOPLIST_KEY_UILaunchScreen_Generation = YES;
				INFOPLIST_KEY_UISupportedInterfaceOrientations_iPad = "UIInterfaceOrientationPortrait UIInterfaceOrientationPortraitUpsideDown UIInterfaceOrientationLandscapeLeft UIInterfaceOrientationLandscapeRight";
				INFOPLIST_KEY_UISupportedInterfaceOrientations_iPhone = "UIInterfaceOrientationPortrait UIInterfaceOrientationLandscapeLeft UIInterfaceOrientationLandscapeRight";
				LD_RUNPATH_SEARCH_PATHS = (
					"$(inherited)",
					"@executable_path/Frameworks",
				);
				MARKETING_VERSION = 1.0;
				PRODUCT_BUNDLE_IDENTIFIER = cpp.ClockWeatherApp;
				PRODUCT_NAME = "$(TARGET_NAME)";
				SWIFT_EMIT_LOC_STRINGS = YES;
				SWIFT_VERSION = 5.0;
				TARGETED_DEVICE_FAMILY = "1,2";
			};
			name = Debug;
		};
		E7EC41262E003A16008C76D7 /* Release */ = {
			isa = XCBuildConfiguration;
			buildSettings = {
				ASSETCATALOG_COMPILER_APPICON_NAME = AppIcon;
				ASSETCATALOG_COMPILER_GLOBAL_ACCENT_COLOR_NAME = AccentColor;
				CODE_SIGN_STYLE = Automatic;
				CURRENT_PROJECT_VERSION = 1;
				DEVELOPMENT_TEAM = B42P6USZ6A;
				ENABLE_PREVIEWS = YES;
				GENERATE_INFOPLIST_FILE = YES;
				INFOPLIST_KEY_UIApplicationSceneManifest_Generation = YES;
				INFOPLIST_KEY_UIApplicationSupportsIndirectInputEvents = YES;
				INFOPLIST_KEY_UILaunchScreen_Generation = YES;
				INFOPLIST_KEY_UISupportedInterfaceOrientations_iPad = "UIInterfaceOrientationPortrait UIInterfaceOrientationPortraitUpsideDown UIInterfaceOrientationLandscapeLeft UIInterfaceOrientationLandscapeRight";
				INFOPLIST_KEY_UISupportedInterfaceOrientations_iPhone = "UIInterfaceOrientationPortrait UIInterfaceOrientationLandscapeLeft UIInterfaceOrientationLandscapeRight";
				LD_RUNPATH_SEARCH_PATHS = (
					"$(inherited)",
					"@executable_path/Frameworks",
				);
				MARKETING_VERSION = 1.0;
				PRODUCT_BUNDLE_IDENTIFIER = cpp.ClockWeatherApp;
				PRODUCT_NAME = "$(TARGET_NAME)";
				SWIFT_EMIT_LOC_STRINGS = YES;
				SWIFT_VERSION = 5.0;
				TARGETED_DEVICE_FAMILY = "1,2";
			};
			name = Release;
		};
		E7EC41282E003A16008C76D7 /* Debug */ = {
			isa = XCBuildConfiguration;
			buildSettings = {
				BUNDLE_LOADER = "$(TEST_HOST)";
				CODE_SIGN_STYLE = Automatic;
				CURRENT_PROJECT_VERSION = 1;
				DEVELOPMENT_TEAM = B42P6USZ6A;
				GENERATE_INFOPLIST_FILE = YES;
				IPHONEOS_DEPLOYMENT_TARGET = 18.5;
				MARKETING_VERSION = 1.0;
				PRODUCT_BUNDLE_IDENTIFIER = cpp.ClockWeatherAppTests;
				PRODUCT_NAME = "$(TARGET_NAME)";
				SWIFT_EMIT_LOC_STRINGS = NO;
				SWIFT_VERSION = 5.0;
				TARGETED_DEVICE_FAMILY = "1,2";
				TEST_HOST = "$(BUILT_PRODUCTS_DIR)/ClockWeatherApp.app/$(BUNDLE_EXECUTABLE_FOLDER_PATH)/ClockWeatherApp";
			};
			name = Debug;
		};
		E7EC41292E003A16008C76D7 /* Release */ = {
			isa = XCBuildConfiguration;
			buildSettings = {
				BUNDLE_LOADER = "$(TEST_HOST)";
				CODE_SIGN_STYLE = Automatic;
				CURRENT_PROJECT_VERSION = 1;
				DEVELOPMENT_TEAM = B42P6USZ6A;
				GENERATE_INFOPLIST_FILE = YES;
				IPHONEOS_DEPLOYMENT_TARGET = 18.5;
				MARKETING_VERSION = 1.0;
				PRODUCT_BUNDLE_IDENTIFIER = cpp.ClockWeatherAppTests;
				PRODUCT_NAME = "$(TARGET_NAME)";
				SWIFT_EMIT_LOC_STRINGS = NO;
				SWIFT_VERSION = 5.0;
				TARGETED_DEVICE_FAMILY = "1,2";
				TEST_HOST = "$(BUILT_PRODUCTS_DIR)/ClockWeatherApp.app/$(BUNDLE_EXECUTABLE_FOLDER_PATH)/ClockWeatherApp";
			};
			name = Release;
		};
		E7EC412B2E003A16008C76D7 /* Debug */ = {
			isa = XCBuildConfiguration;
			buildSettings = {
				CODE_SIGN_STYLE = Automatic;
				CURRENT_PROJECT_VERSION = 1;
				DEVELOPMENT_TEAM = B42P6USZ6A;
				GENERATE_INFOPLIST_FILE = YES;
				MARKETING_VERSION = 1.0;
				PRODUCT_BUNDLE_IDENTIFIER = cpp.ClockWeatherAppUITests;
				PRODUCT_NAME = "$(TARGET_NAME)";
				SWIFT_EMIT_LOC_STRINGS = NO;
				SWIFT_VERSION = 5.0;
				TARGETED_DEVICE_FAMILY = "1,2";
				TEST_TARGET_NAME = ClockWeatherApp;
			};
			name = Debug;
		};
		E7EC412C2E003A16008C76D7 /* Release */ = {
			isa = XCBuildConfiguration;
			buildSettings = {
				CODE_SIGN_STYLE = Automatic;
				CURRENT_PROJECT_VERSION = 1;
				DEVELOPMENT_TEAM = B42P6USZ6A;
				GENERATE_INFOPLIST_FILE = YES;
				MARKETING_VERSION = 1.0;
				PRODUCT_BUNDLE_IDENTIFIER = cpp.ClockWeatherAppUITests;
				PRODUCT_NAME = "$(TARGET_NAME)";
				SWIFT_EMIT_LOC_STRINGS = NO;
				SWIFT_VERSION = 5.0;
				TARGETED_DEVICE_FAMILY = "1,2";
				TEST_TARGET_NAME = ClockWeatherApp;
			};
			name = Release;
		};
		E7EC416B2E003B72008C76D7 /* Debug */ = {
			isa = XCBuildConfiguration;
			buildSettings = {
				ASSETCATALOG_COMPILER_GLOBAL_ACCENT_COLOR_NAME = AccentColor;
				ASSETCATALOG_COMPILER_WIDGET_BACKGROUND_COLOR_NAME = WidgetBackground;
				CODE_SIGN_STYLE = Automatic;
				CURRENT_PROJECT_VERSION = 1;
				DEVELOPMENT_TEAM = B42P6USZ6A;
				GENERATE_INFOPLIST_FILE = YES;
				INFOPLIST_FILE = ClockWeatherWidget/Info.plist;
				INFOPLIST_KEY_CFBundleDisplayName = ClockWeatherWidget;
				INFOPLIST_KEY_NSHumanReadableCopyright = "";
				LD_RUNPATH_SEARCH_PATHS = (
					"$(inherited)",
					"@executable_path/Frameworks",
					"@executable_path/../../Frameworks",
				);
				MARKETING_VERSION = 1.0;
				PRODUCT_BUNDLE_IDENTIFIER = cpp.ClockWeatherApp.ClockWeatherWidget;
				PRODUCT_NAME = "$(TARGET_NAME)";
				SKIP_INSTALL = YES;
				SWIFT_EMIT_LOC_STRINGS = YES;
				SWIFT_VERSION = 5.0;
				TARGETED_DEVICE_FAMILY = "1,2";
			};
			name = Debug;
		};
		E7EC416C2E003B72008C76D7 /* Release */ = {
			isa = XCBuildConfiguration;
			buildSettings = {
				ASSETCATALOG_COMPILER_GLOBAL_ACCENT_COLOR_NAME = AccentColor;
				ASSETCATALOG_COMPILER_WIDGET_BACKGROUND_COLOR_NAME = WidgetBackground;
				CODE_SIGN_STYLE = Automatic;
				CURRENT_PROJECT_VERSION = 1;
				DEVELOPMENT_TEAM = B42P6USZ6A;
				GENERATE_INFOPLIST_FILE = YES;
				INFOPLIST_FILE = ClockWeatherWidget/Info.plist;
				INFOPLIST_KEY_CFBundleDisplayName = ClockWeatherWidget;
				INFOPLIST_KEY_NSHumanReadableCopyright = "";
				LD_RUNPATH_SEARCH_PATHS = (
					"$(inherited)",
					"@executable_path/Frameworks",
					"@executable_path/../../Frameworks",
				);
				MARKETING_VERSION = 1.0;
				PRODUCT_BUNDLE_IDENTIFIER = cpp.ClockWeatherApp.ClockWeatherWidget;
				PRODUCT_NAME = "$(TARGET_NAME)";
				SKIP_INSTALL = YES;
				SWIFT_EMIT_LOC_STRINGS = YES;
				SWIFT_VERSION = 5.0;
				TARGETED_DEVICE_FAMILY = "1,2";
			};
			name = Release;
		};
/* End XCBuildConfiguration section */

/* Begin XCConfigurationList section */
		E7EC40FE2E003A0F008C76D7 /* Build configuration list for PBXProject "ClockWeatherApp" */ = {
			isa = XCConfigurationList;
			buildConfigurations = (
				E7EC41222E003A16008C76D7 /* Debug */,
				E7EC41232E003A16008C76D7 /* Release */,
			);
			defaultConfigurationIsVisible = 0;
			defaultConfigurationName = Release;
		};
		E7EC41242E003A16008C76D7 /* Build configuration list for PBXNativeTarget "ClockWeatherApp" */ = {
			isa = XCConfigurationList;
			buildConfigurations = (
				E7EC41252E003A16008C76D7 /* Debug */,
				E7EC41262E003A16008C76D7 /* Release */,
			);
			defaultConfigurationIsVisible = 0;
			defaultConfigurationName = Release;
		};
		E7EC41272E003A16008C76D7 /* Build configuration list for PBXNativeTarget "ClockWeatherAppTests" */ = {
			isa = XCConfigurationList;
			buildConfigurations = (
				E7EC41282E003A16008C76D7 /* Debug */,
				E7EC41292E003A16008C76D7 /* Release */,
			);
			defaultConfigurationIsVisible = 0;
			defaultConfigurationName = Release;
		};
		E7EC412A2E003A16008C76D7 /* Build configuration list for PBXNativeTarget "ClockWeatherAppUITests" */ = {
			isa = XCConfigurationList;
			buildConfigurations = (
				E7EC412B2E003A16008C76D7 /* Debug */,
				E7EC412C2E003A16008C76D7 /* Release */,
			);
			defaultConfigurationIsVisible = 0;
			defaultConfigurationName = Release;
		};
		E7EC416A2E003B72008C76D7 /* Build configuration list for PBXNativeTarget "ClockWeatherWidgetExtension" */ = {
			isa = XCConfigurationList;
			buildConfigurations = (
				E7EC416B2E003B72008C76D7 /* Debug */,
				E7EC416C2E003B72008C76D7 /* Release */,
			);
			defaultConfigurationIsVisible = 0;
			defaultConfigurationName = Release;
		};
/* End XCConfigurationList section */

/* Begin XCRemoteSwiftPackageReference section */
		E7E107FD2E0063DB004C09E3 /* XCRemoteSwiftPackageReference "sdk" */ = {
			isa = XCRemoteSwiftPackageReference;
			repositoryURL = "https://github.com/open-meteo/sdk.git";
			requirement = {
				branch = main;
				kind = branch;
			};
		};
/* End XCRemoteSwiftPackageReference section */
	};
	rootObject = E7EC40FB2E003A0F008C76D7 /* Project object */;
}
